// !$*UTF8*$!
{
	archiveVersion = 1;
	classes = {
	};
	objectVersion = 46;
	objects = {

/* Begin PBXBuildFile section */
		BC517AC5B28104102F533DC5 /* Pods_FlikrFinder.framework in Frameworks */ = {isa = PBXBuildFile; fileRef = A2B90E693BF8A0C419581E60 /* Pods_FlikrFinder.framework */; };
		CE455C951C7394D700404EF3 /* ImagesTableViewController.swift in Sources */ = {isa = PBXBuildFile; fileRef = CE455C941C7394D700404EF3 /* ImagesTableViewController.swift */; };
		CE455C971C739FAC00404EF3 /* Photo.swift in Sources */ = {isa = PBXBuildFile; fileRef = CE455C961C739FAC00404EF3 /* Photo.swift */; };
		CE742BE51C73B79E001B7A25 /* PhotoManager.swift in Sources */ = {isa = PBXBuildFile; fileRef = CE742BE41C73B79E001B7A25 /* PhotoManager.swift */; };
		CE746C061C77A97500470163 /* Place.swift in Sources */ = {isa = PBXBuildFile; fileRef = CE746C051C77A97500470163 /* Place.swift */; };
		CEC72B421C70F9AF00B0DBCB /* AppDelegate.swift in Sources */ = {isa = PBXBuildFile; fileRef = CEC72B411C70F9AF00B0DBCB /* AppDelegate.swift */; };
		CEC72B471C70F9AF00B0DBCB /* Main.storyboard in Resources */ = {isa = PBXBuildFile; fileRef = CEC72B451C70F9AF00B0DBCB /* Main.storyboard */; };
		CEC72B491C70F9AF00B0DBCB /* Assets.xcassets in Resources */ = {isa = PBXBuildFile; fileRef = CEC72B481C70F9AF00B0DBCB /* Assets.xcassets */; };
		CEC72B4C1C70F9AF00B0DBCB /* LaunchScreen.storyboard in Resources */ = {isa = PBXBuildFile; fileRef = CEC72B4A1C70F9AF00B0DBCB /* LaunchScreen.storyboard */; };
/* End PBXBuildFile section */

/* Begin PBXFileReference section */
		252502DF2D39FCD050F8B741 /* Pods-FlikrFinder.release.xcconfig */ = {isa = PBXFileReference; includeInIndex = 1; lastKnownFileType = text.xcconfig; name = "Pods-FlikrFinder.release.xcconfig"; path = "Pods/Target Support Files/Pods-FlikrFinder/Pods-FlikrFinder.release.xcconfig"; sourceTree = "<group>"; };
		A2B90E693BF8A0C419581E60 /* Pods_FlikrFinder.framework */ = {isa = PBXFileReference; explicitFileType = wrapper.framework; includeInIndex = 0; path = Pods_FlikrFinder.framework; sourceTree = BUILT_PRODUCTS_DIR; };
		CE455C941C7394D700404EF3 /* ImagesTableViewController.swift */ = {isa = PBXFileReference; fileEncoding = 4; lastKnownFileType = sourcecode.swift; path = ImagesTableViewController.swift; sourceTree = "<group>"; };
		CE455C961C739FAC00404EF3 /* Photo.swift */ = {isa = PBXFileReference; fileEncoding = 4; lastKnownFileType = sourcecode.swift; path = Photo.swift; sourceTree = "<group>"; };
		CE742BE41C73B79E001B7A25 /* PhotoManager.swift */ = {isa = PBXFileReference; fileEncoding = 4; lastKnownFileType = sourcecode.swift; path = PhotoManager.swift; sourceTree = "<group>"; };
		CE746C051C77A97500470163 /* Place.swift */ = {isa = PBXFileReference; fileEncoding = 4; lastKnownFileType = sourcecode.swift; path = Place.swift; sourceTree = "<group>"; };
		CEC72B3E1C70F9AE00B0DBCB /* FlikrFinder.app */ = {isa = PBXFileReference; explicitFileType = wrapper.application; includeInIndex = 0; path = FlikrFinder.app; sourceTree = BUILT_PRODUCTS_DIR; };
		CEC72B411C70F9AF00B0DBCB /* AppDelegate.swift */ = {isa = PBXFileReference; lastKnownFileType = sourcecode.swift; path = AppDelegate.swift; sourceTree = "<group>"; };
		CEC72B461C70F9AF00B0DBCB /* Base */ = {isa = PBXFileReference; lastKnownFileType = file.storyboard; name = Base; path = Base.lproj/Main.storyboard; sourceTree = "<group>"; };
		CEC72B481C70F9AF00B0DBCB /* Assets.xcassets */ = {isa = PBXFileReference; lastKnownFileType = folder.assetcatalog; path = Assets.xcassets; sourceTree = "<group>"; };
		CEC72B4B1C70F9AF00B0DBCB /* Base */ = {isa = PBXFileReference; lastKnownFileType = file.storyboard; name = Base; path = Base.lproj/LaunchScreen.storyboard; sourceTree = "<group>"; };
		CEC72B4D1C70F9AF00B0DBCB /* Info.plist */ = {isa = PBXFileReference; lastKnownFileType = text.plist.xml; path = Info.plist; sourceTree = "<group>"; };
		E2EE6462B64E852C0ECDA388 /* Pods-FlikrFinder.debug.xcconfig */ = {isa = PBXFileReference; includeInIndex = 1; lastKnownFileType = text.xcconfig; name = "Pods-FlikrFinder.debug.xcconfig"; path = "Pods/Target Support Files/Pods-FlikrFinder/Pods-FlikrFinder.debug.xcconfig"; sourceTree = "<group>"; };
/* End PBXFileReference section */

/* Begin PBXFrameworksBuildPhase section */
		CEC72B3B1C70F9AE00B0DBCB /* Frameworks */ = {
			isa = PBXFrameworksBuildPhase;
			buildActionMask = 2147483647;
			files = (
				BC517AC5B28104102F533DC5 /* Pods_FlikrFinder.framework in Frameworks */,
			);
			runOnlyForDeploymentPostprocessing = 0;
		};
/* End PBXFrameworksBuildPhase section */

/* Begin PBXGroup section */
		819A6A9DCEA43FC7D3B16C80 /* Pods */ = {
			isa = PBXGroup;
			children = (
				E2EE6462B64E852C0ECDA388 /* Pods-FlikrFinder.debug.xcconfig */,
				252502DF2D39FCD050F8B741 /* Pods-FlikrFinder.release.xcconfig */,
			);
			name = Pods;
			sourceTree = "<group>";
		};
		CE455C8D1C7123EC00404EF3 /* BaseProjectFiles */ = {
			isa = PBXGroup;
			children = (
				CEC72B411C70F9AF00B0DBCB /* AppDelegate.swift */,
				CEC72B451C70F9AF00B0DBCB /* Main.storyboard */,
				CEC72B4A1C70F9AF00B0DBCB /* LaunchScreen.storyboard */,
				CEC72B481C70F9AF00B0DBCB /* Assets.xcassets */,
				CEC72B4D1C70F9AF00B0DBCB /* Info.plist */,
			);
			name = BaseProjectFiles;
			sourceTree = "<group>";
		};
		CE455C8E1C7124B800404EF3 /* Controllers */ = {
			isa = PBXGroup;
			children = (
				CE455C941C7394D700404EF3 /* ImagesTableViewController.swift */,
			);
			path = Controllers;
			sourceTree = "<group>";
		};
		CE455C8F1C7124B800404EF3 /* Models */ = {
			isa = PBXGroup;
			children = (
				CE455C961C739FAC00404EF3 /* Photo.swift */,
				CE746C051C77A97500470163 /* Place.swift */,
			);
			path = Models;
			sourceTree = "<group>";
		};
		CE742BE11C73ADA2001B7A25 /* Managers */ = {
			isa = PBXGroup;
			children = (
				CE742BE41C73B79E001B7A25 /* PhotoManager.swift */,
			);
			path = Managers;
			sourceTree = "<group>";
		};
		CEC72B351C70F9AE00B0DBCB = {
			isa = PBXGroup;
			children = (
				CEC72B401C70F9AF00B0DBCB /* FlikrFinder */,
				CEC72B3F1C70F9AE00B0DBCB /* Products */,
				819A6A9DCEA43FC7D3B16C80 /* Pods */,
				F2FFB0935F1C105BFF94D993 /* Frameworks */,
			);
			sourceTree = "<group>";
		};
		CEC72B3F1C70F9AE00B0DBCB /* Products */ = {
			isa = PBXGroup;
			children = (
				CEC72B3E1C70F9AE00B0DBCB /* FlikrFinder.app */,
			);
			name = Products;
			sourceTree = "<group>";
		};
		CEC72B401C70F9AF00B0DBCB /* FlikrFinder */ = {
			isa = PBXGroup;
			children = (
				CE742BE11C73ADA2001B7A25 /* Managers */,
				CE455C8D1C7123EC00404EF3 /* BaseProjectFiles */,
				CE455C8E1C7124B800404EF3 /* Controllers */,
				CE455C8F1C7124B800404EF3 /* Models */,
			);
			path = FlikrFinder;
			sourceTree = "<group>";
		};
		F2FFB0935F1C105BFF94D993 /* Frameworks */ = {
			isa = PBXGroup;
			children = (
				A2B90E693BF8A0C419581E60 /* Pods_FlikrFinder.framework */,
			);
			name = Frameworks;
			sourceTree = "<group>";
		};
/* End PBXGroup section */

/* Begin PBXNativeTarget section */
		CEC72B3D1C70F9AE00B0DBCB /* FlikrFinder */ = {
			isa = PBXNativeTarget;
			buildConfigurationList = CEC72B501C70F9AF00B0DBCB /* Build configuration list for PBXNativeTarget "FlikrFinder" */;
			buildPhases = (
				42B15BB9AC59A8A56BF5A157 /* Check Pods Manifest.lock */,
				CEC72B3A1C70F9AE00B0DBCB /* Sources */,
				CEC72B3B1C70F9AE00B0DBCB /* Frameworks */,
				CEC72B3C1C70F9AE00B0DBCB /* Resources */,
				3A86DBF8A2D10B4F84217017 /* Embed Pods Frameworks */,
				00CF4E5EE710F030A436ACA2 /* Copy Pods Resources */,
			);
			buildRules = (
			);
			dependencies = (
			);
			name = FlikrFinder;
			productName = FlikrFinder;
			productReference = CEC72B3E1C70F9AE00B0DBCB /* FlikrFinder.app */;
			productType = "com.apple.product-type.application";
		};
/* End PBXNativeTarget section */

/* Begin PBXProject section */
		CEC72B361C70F9AE00B0DBCB /* Project object */ = {
			isa = PBXProject;
			attributes = {
				LastSwiftUpdateCheck = 0720;
				LastUpgradeCheck = 0720;
				ORGANIZATIONNAME = Andrey;
				TargetAttributes = {
					CEC72B3D1C70F9AE00B0DBCB = {
						CreatedOnToolsVersion = 7.2.1;
					};
				};
			};
			buildConfigurationList = CEC72B391C70F9AE00B0DBCB /* Build configuration list for PBXProject "FlikrFinder" */;
			compatibilityVersion = "Xcode 3.2";
			developmentRegion = English;
			hasScannedForEncodings = 0;
			knownRegions = (
				en,
				Base,
			);
			mainGroup = CEC72B351C70F9AE00B0DBCB;
			productRefGroup = CEC72B3F1C70F9AE00B0DBCB /* Products */;
			projectDirPath = "";
			projectRoot = "";
			targets = (
				CEC72B3D1C70F9AE00B0DBCB /* FlikrFinder */,
			);
		};
/* End PBXProject section */

/* Begin PBXResourcesBuildPhase section */
		CEC72B3C1C70F9AE00B0DBCB /* Resources */ = {
			isa = PBXResourcesBuildPhase;
			buildActionMask = 2147483647;
			files = (
				CEC72B4C1C70F9AF00B0DBCB /* LaunchScreen.storyboard in Resources */,
				CEC72B491C70F9AF00B0DBCB /* Assets.xcassets in Resources */,
				CEC72B471C70F9AF00B0DBCB /* Main.storyboard in Resources */,
			);
			runOnlyForDeploymentPostprocessing = 0;
		};
/* End PBXResourcesBuildPhase section */

/* Begin PBXShellScriptBuildPhase section */
		00CF4E5EE710F030A436ACA2 /* Copy Pods Resources */ = {
			isa = PBXShellScriptBuildPhase;
			buildActionMask = 2147483647;
			files = (
			);
			inputPaths = (
			);
			name = "Copy Pods Resources";
			outputPaths = (
			);
			runOnlyForDeploymentPostprocessing = 0;
			shellPath = /bin/sh;
			shellScript = "\"${SRCROOT}/Pods/Target Support Files/Pods-FlikrFinder/Pods-FlikrFinder-resources.sh\"\n";
			showEnvVarsInLog = 0;
		};
		3A86DBF8A2D10B4F84217017 /* Embed Pods Frameworks */ = {
			isa = PBXShellScriptBuildPhase;
			buildActionMask = 2147483647;
			files = (
			);
			inputPaths = (
			);
			name = "Embed Pods Frameworks";
			outputPaths = (
			);
			runOnlyForDeploymentPostprocessing = 0;
			shellPath = /bin/sh;
			shellScript = "\"${SRCROOT}/Pods/Target Support Files/Pods-FlikrFinder/Pods-FlikrFinder-frameworks.sh\"\n";
			showEnvVarsInLog = 0;
		};
		42B15BB9AC59A8A56BF5A157 /* Check Pods Manifest.lock */ = {
			isa = PBXShellScriptBuildPhase;
			buildActionMask = 2147483647;
			files = (
			);
			inputPaths = (
			);
			name = "Check Pods Manifest.lock";
			outputPaths = (
			);
			runOnlyForDeploymentPostprocessing = 0;
			shellPath = /bin/sh;
			shellScript = "diff \"${PODS_ROOT}/../Podfile.lock\" \"${PODS_ROOT}/Manifest.lock\" > /dev/null\nif [[ $? != 0 ]] ; then\n    cat << EOM\nerror: The sandbox is not in sync with the Podfile.lock. Run 'pod install' or update your CocoaPods installation.\nEOM\n    exit 1\nfi\n";
			showEnvVarsInLog = 0;
		};
/* End PBXShellScriptBuildPhase section */

/* Begin PBXSourcesBuildPhase section */
		CEC72B3A1C70F9AE00B0DBCB /* Sources */ = {
			isa = PBXSourcesBuildPhase;
			buildActionMask = 2147483647;
			files = (
				CE455C971C739FAC00404EF3 /* Photo.swift in Sources */,
				CEC72B421C70F9AF00B0DBCB /* AppDelegate.swift in Sources */,
				CE455C951C7394D700404EF3 /* ImagesTableViewController.swift in Sources */,
				CE742BE51C73B79E001B7A25 /* PhotoManager.swift in Sources */,
				CE746C061C77A97500470163 /* Place.swift in Sources */,
			);
			runOnlyForDeploymentPostprocessing = 0;
		};
/* End PBXSourcesBuildPhase section */

/* Begin PBXVariantGroup section */
		CEC72B451C70F9AF00B0DBCB /* Main.storyboard */ = {
			isa = PBXVariantGroup;
			children = (
				CEC72B461C70F9AF00B0DBCB /* Base */,
			);
			name = Main.storyboard;
			sourceTree = "<group>";
		};
		CEC72B4A1C70F9AF00B0DBCB /* LaunchScreen.storyboard */ = {
			isa = PBXVariantGroup;
			children = (
				CEC72B4B1C70F9AF00B0DBCB /* Base */,
			);
			name = LaunchScreen.storyboard;
			sourceTree = "<group>";
		};
/* End PBXVariantGroup section */

/* Begin XCBuildConfiguration section */
		CEC72B4E1C70F9AF00B0DBCB /* Debug */ = {
			isa = XCBuildConfiguration;
			buildSettings = {
				ALWAYS_SEARCH_USER_PATHS = NO;
				CLANG_CXX_LANGUAGE_STANDARD = "gnu++0x";
				CLANG_CXX_LIBRARY = "libc++";
				CLANG_ENABLE_MODULES = YES;
				CLANG_ENABLE_OBJC_ARC = YES;
				CLANG_WARN_BOOL_CONVERSION = YES;
				CLANG_WARN_CONSTANT_CONVERSION = YES;
				CLANG_WARN_DIRECT_OBJC_ISA_USAGE = YES_ERROR;
				CLANG_WARN_EMPTY_BODY = YES;
				CLANG_WARN_ENUM_CONVERSION = YES;
				CLANG_WARN_INT_CONVERSION = YES;
				CLANG_WARN_OBJC_ROOT_CLASS = YES_ERROR;
				CLANG_WARN_UNREACHABLE_CODE = YES;
				CLANG_WARN__DUPLICATE_METHOD_MATCH = YES;
				"CODE_SIGN_IDENTITY[sdk=iphoneos*]" = "iPhone Developer";
				COPY_PHASE_STRIP = NO;
				DEBUG_INFORMATION_FORMAT = dwarf;
				ENABLE_STRICT_OBJC_MSGSEND = YES;
				ENABLE_TESTABILITY = YES;
				GCC_C_LANGUAGE_STANDARD = gnu99;
				GCC_DYNAMIC_NO_PIC = NO;
				GCC_NO_COMMON_BLOCKS = YES;
				GCC_OPTIMIZATION_LEVEL = 0;
				GCC_PREPROCESSOR_DEFINITIONS = (
					"DEBUG=1",
					"$(inherited)",
				);
				GCC_WARN_64_TO_32_BIT_CONVERSION = YES;
				GCC_WARN_ABOUT_RETURN_TYPE = YES_ERROR;
				GCC_WARN_UNDECLARED_SELECTOR = YES;
				GCC_WARN_UNINITIALIZED_AUTOS = YES_AGGRESSIVE;
				GCC_WARN_UNUSED_FUNCTION = YES;
				GCC_WARN_UNUSED_VARIABLE = YES;
				IPHONEOS_DEPLOYMENT_TARGET = 9.2;
				MTL_ENABLE_DEBUG_INFO = YES;
				ONLY_ACTIVE_ARCH = YES;
				SDKROOT = iphoneos;
				SWIFT_OPTIMIZATION_LEVEL = "-Onone";
				TARGETED_DEVICE_FAMILY = "1,2";
			};
			name = Debug;
		};
		CEC72B4F1C70F9AF00B0DBCB /* Release */ = {
			isa = XCBuildConfiguration;
			buildSettings = {
				ALWAYS_SEARCH_USER_PATHS = NO;
				CLANG_CXX_LANGUAGE_STANDARD = "gnu++0x";
				CLANG_CXX_LIBRARY = "libc++";
				CLANG_ENABLE_MODULES = YES;
				CLANG_ENABLE_OBJC_ARC = YES;
				CLANG_WARN_BOOL_CONVERSION = YES;
				CLANG_WARN_CONSTANT_CONVERSION = YES;
				CLANG_WARN_DIRECT_OBJC_ISA_USAGE = YES_ERROR;
				CLANG_WARN_EMPTY_BODY = YES;
				CLANG_WARN_ENUM_CONVERSION = YES;
				CLANG_WARN_INT_CONVERSION = YES;
				CLANG_WARN_OBJC_ROOT_CLASS = YES_ERROR;
				CLANG_WARN_UNREACHABLE_CODE = YES;
				CLANG_WARN__DUPLICATE_METHOD_MATCH = YES;
				"CODE_SIGN_IDENTITY[sdk=iphoneos*]" = "iPhone Developer";
				COPY_PHASE_STRIP = NO;
				DEBUG_INFORMATION_FORMAT = "dwarf-with-dsym";
				ENABLE_NS_ASSERTIONS = NO;
				ENABLE_STRICT_OBJC_MSGSEND = YES;
				GCC_C_LANGUAGE_STANDARD = gnu99;
				GCC_NO_COMMON_BLOCKS = YES;
				GCC_WARN_64_TO_32_BIT_CONVERSION = YES;
				GCC_WARN_ABOUT_RETURN_TYPE = YES_ERROR;
				GCC_WARN_UNDECLARED_SELECTOR = YES;
				GCC_WARN_UNINITIALIZED_AUTOS = YES_AGGRESSIVE;
				GCC_WARN_UNUSED_FUNCTION = YES;
				GCC_WARN_UNUSED_VARIABLE = YES;
				IPHONEOS_DEPLOYMENT_TARGET = 9.2;
				MTL_ENABLE_DEBUG_INFO = NO;
				SDKROOT = iphoneos;
				TARGETED_DEVICE_FAMILY = "1,2";
				VALIDATE_PRODUCT = YES;
			};
			name = Release;
		};
		CEC72B511C70F9AF00B0DBCB /* Debug */ = {
			isa = XCBuildConfiguration;
			baseConfigurationReference = E2EE6462B64E852C0ECDA388 /* Pods-FlikrFinder.debug.xcconfig */;
			buildSettings = {
				ASSETCATALOG_COMPILER_APPICON_NAME = AppIcon;
				INFOPLIST_FILE = FlikrFinder/Info.plist;
				LD_RUNPATH_SEARCH_PATHS = "$(inherited) @executable_path/Frameworks";
				PRODUCT_BUNDLE_IDENTIFIER = glove.FlikrFinder;
				PRODUCT_NAME = "$(TARGET_NAME)";
			};
			name = Debug;
		};
		CEC72B521C70F9AF00B0DBCB /* Release */ = {
			isa = XCBuildConfiguration;
			baseConfigurationReference = 252502DF2D39FCD050F8B741 /* Pods-FlikrFinder.release.xcconfig */;
			buildSettings = {
				ASSETCATALOG_COMPILER_APPICON_NAME = AppIcon;
				INFOPLIST_FILE = FlikrFinder/Info.plist;
				LD_RUNPATH_SEARCH_PATHS = "$(inherited) @executable_path/Frameworks";
				PRODUCT_BUNDLE_IDENTIFIER = glove.FlikrFinder;
				PRODUCT_NAME = "$(TARGET_NAME)";
			};
			name = Release;
		};
/* End XCBuildConfiguration section */

/* Begin XCConfigurationList section */
		CEC72B391C70F9AE00B0DBCB /* Build configuration list for PBXProject "FlikrFinder" */ = {
			isa = XCConfigurationList;
			buildConfigurations = (
				CEC72B4E1C70F9AF00B0DBCB /* Debug */,
				CEC72B4F1C70F9AF00B0DBCB /* Release */,
			);
			defaultConfigurationIsVisible = 0;
			defaultConfigurationName = Release;
		};
		CEC72B501C70F9AF00B0DBCB /* Build configuration list for PBXNativeTarget "FlikrFinder" */ = {
			isa = XCConfigurationList;
			buildConfigurations = (
				CEC72B511C70F9AF00B0DBCB /* Debug */,
				CEC72B521C70F9AF00B0DBCB /* Release */,
			);
			defaultConfigurationIsVisible = 0;
			defaultConfigurationName = Release;
		};
/* End XCConfigurationList section */
	};
	rootObject = CEC72B361C70F9AE00B0DBCB /* Project object */;
}
